// !$*UTF8*$!
{
	archiveVersion = 1;
	classes = {
	};
	objectVersion = 46;
	objects = {

/* Begin PBXBuildFile section */
		860B69D34184795942E8928E /* Pods_Jiggie.framework in Frameworks */ = {isa = PBXBuildFile; fileRef = 864E9CFFE776E009EC36293F /* Pods_Jiggie.framework */; };
		9367EF321D013C2800B61FAC /* EventListViewController.swift in Sources */ = {isa = PBXBuildFile; fileRef = 9367EF241D013C2800B61FAC /* EventListViewController.swift */; };
		9367EF331D013C2800B61FAC /* EventListViewController.swift in Sources */ = {isa = PBXBuildFile; fileRef = 9367EF241D013C2800B61FAC /* EventListViewController.swift */; };
		9367EF341D013C2800B61FAC /* EventListViewController.xib in Resources */ = {isa = PBXBuildFile; fileRef = 9367EF251D013C2800B61FAC /* EventListViewController.xib */; };
		9367EF351D013C2800B61FAC /* EventListViewController.xib in Resources */ = {isa = PBXBuildFile; fileRef = 9367EF251D013C2800B61FAC /* EventListViewController.xib */; };
		9367EF361D013C2800B61FAC /* SocialViewController.swift in Sources */ = {isa = PBXBuildFile; fileRef = 9367EF291D013C2800B61FAC /* SocialViewController.swift */; };
		9367EF371D013C2800B61FAC /* SocialViewController.swift in Sources */ = {isa = PBXBuildFile; fileRef = 9367EF291D013C2800B61FAC /* SocialViewController.swift */; };
		9367EF381D013C2800B61FAC /* SocialViewController.xib in Resources */ = {isa = PBXBuildFile; fileRef = 9367EF2A1D013C2800B61FAC /* SocialViewController.xib */; };
		9367EF391D013C2800B61FAC /* SocialViewController.xib in Resources */ = {isa = PBXBuildFile; fileRef = 9367EF2A1D013C2800B61FAC /* SocialViewController.xib */; };
		9367EF3A1D013C2800B61FAC /* Assets.xcassets in Resources */ = {isa = PBXBuildFile; fileRef = 9367EF2F1D013C2800B61FAC /* Assets.xcassets */; };
		9367EF3B1D013C2800B61FAC /* Assets.xcassets in Resources */ = {isa = PBXBuildFile; fileRef = 9367EF2F1D013C2800B61FAC /* Assets.xcassets */; };
		9367EF411D01641D00B61FAC /* FoundationHelper.swift in Sources */ = {isa = PBXBuildFile; fileRef = 9367EF3F1D01641D00B61FAC /* FoundationHelper.swift */; };
		9367EF421D01641D00B61FAC /* FoundationHelper.swift in Sources */ = {isa = PBXBuildFile; fileRef = 9367EF3F1D01641D00B61FAC /* FoundationHelper.swift */; };
		9367EF431D01641D00B61FAC /* UIKitHelper.swift in Sources */ = {isa = PBXBuildFile; fileRef = 9367EF401D01641D00B61FAC /* UIKitHelper.swift */; };
		9367EF441D01641D00B61FAC /* UIKitHelper.swift in Sources */ = {isa = PBXBuildFile; fileRef = 9367EF401D01641D00B61FAC /* UIKitHelper.swift */; };
		9367EF461D01672900B61FAC /* BaseViewController.swift in Sources */ = {isa = PBXBuildFile; fileRef = 9367EF451D01672900B61FAC /* BaseViewController.swift */; };
		9367EF471D01672900B61FAC /* BaseViewController.swift in Sources */ = {isa = PBXBuildFile; fileRef = 9367EF451D01672900B61FAC /* BaseViewController.swift */; };
		9367EF551D0168CE00B61FAC /* Lato-Bold.ttf in Resources */ = {isa = PBXBuildFile; fileRef = 9367EF511D0168CE00B61FAC /* Lato-Bold.ttf */; };
		9367EF561D0168CE00B61FAC /* Lato-Italic.ttf in Resources */ = {isa = PBXBuildFile; fileRef = 9367EF521D0168CE00B61FAC /* Lato-Italic.ttf */; };
		9367EF571D0168CE00B61FAC /* Lato-Light.ttf in Resources */ = {isa = PBXBuildFile; fileRef = 9367EF531D0168CE00B61FAC /* Lato-Light.ttf */; };
		9367EF581D0168CE00B61FAC /* Lato-Regular.ttf in Resources */ = {isa = PBXBuildFile; fileRef = 9367EF541D0168CE00B61FAC /* Lato-Regular.ttf */; };
		9367EF5A1D01774800B61FAC /* BaseTabBarController.swift in Sources */ = {isa = PBXBuildFile; fileRef = 9367EF591D01774800B61FAC /* BaseTabBarController.swift */; };
		9367EF5B1D01774800B61FAC /* BaseTabBarController.swift in Sources */ = {isa = PBXBuildFile; fileRef = 9367EF591D01774800B61FAC /* BaseTabBarController.swift */; };
		C8C237A118C6680AD8CC4A1E /* Pods_JiggieTests.framework in Frameworks */ = {isa = PBXBuildFile; fileRef = 6555F400C2B6E96DF6D04526 /* Pods_JiggieTests.framework */; };
		DA146C1C1CEEF38100C626FB /* AppDelegate.swift in Sources */ = {isa = PBXBuildFile; fileRef = DA146C1B1CEEF38100C626FB /* AppDelegate.swift */; };
		DA146C281CEEF38100C626FB /* LaunchScreen.storyboard in Resources */ = {isa = PBXBuildFile; fileRef = DA146C261CEEF38100C626FB /* LaunchScreen.storyboard */; };
		DA146C331CEEF38100C626FB /* JiggieTests.swift in Sources */ = {isa = PBXBuildFile; fileRef = DA146C321CEEF38100C626FB /* JiggieTests.swift */; };
		DA146C3E1CEEF38100C626FB /* JiggieUITests.swift in Sources */ = {isa = PBXBuildFile; fileRef = DA146C3D1CEEF38100C626FB /* JiggieUITests.swift */; };
		F39A9FD64C2B216397E937D4 /* Pods_JiggieUITests.framework in Frameworks */ = {isa = PBXBuildFile; fileRef = F0122323FB1629F686BFF8E8 /* Pods_JiggieUITests.framework */; };
/* End PBXBuildFile section */

/* Begin PBXContainerItemProxy section */
		DA146C2F1CEEF38100C626FB /* PBXContainerItemProxy */ = {
			isa = PBXContainerItemProxy;
			containerPortal = DA146C101CEEF38100C626FB /* Project object */;
			proxyType = 1;
			remoteGlobalIDString = DA146C171CEEF38100C626FB;
			remoteInfo = Jiggie;
		};
		DA146C3A1CEEF38100C626FB /* PBXContainerItemProxy */ = {
			isa = PBXContainerItemProxy;
			containerPortal = DA146C101CEEF38100C626FB /* Project object */;
			proxyType = 1;
			remoteGlobalIDString = DA146C171CEEF38100C626FB;
			remoteInfo = Jiggie;
		};
/* End PBXContainerItemProxy section */

/* Begin PBXFileReference section */
		0AA89E01992EFF648CE92FC8 /* Pods-JiggieTests.release.xcconfig */ = {isa = PBXFileReference; includeInIndex = 1; lastKnownFileType = text.xcconfig; name = "Pods-JiggieTests.release.xcconfig"; path = "Pods/Target Support Files/Pods-JiggieTests/Pods-JiggieTests.release.xcconfig"; sourceTree = "<group>"; };
		1AB7F547D9154A26B152C2DB /* Pods-JiggieUITests.debug.xcconfig */ = {isa = PBXFileReference; includeInIndex = 1; lastKnownFileType = text.xcconfig; name = "Pods-JiggieUITests.debug.xcconfig"; path = "Pods/Target Support Files/Pods-JiggieUITests/Pods-JiggieUITests.debug.xcconfig"; sourceTree = "<group>"; };
		30924E8934ACC93CE1B17A45 /* Pods-Jiggie.release.xcconfig */ = {isa = PBXFileReference; includeInIndex = 1; lastKnownFileType = text.xcconfig; name = "Pods-Jiggie.release.xcconfig"; path = "Pods/Target Support Files/Pods-Jiggie/Pods-Jiggie.release.xcconfig"; sourceTree = "<group>"; };
		481C250CA5AC4FB6F33E613E /* Pods-JiggieTests.debug.xcconfig */ = {isa = PBXFileReference; includeInIndex = 1; lastKnownFileType = text.xcconfig; name = "Pods-JiggieTests.debug.xcconfig"; path = "Pods/Target Support Files/Pods-JiggieTests/Pods-JiggieTests.debug.xcconfig"; sourceTree = "<group>"; };
		6555F400C2B6E96DF6D04526 /* Pods_JiggieTests.framework */ = {isa = PBXFileReference; explicitFileType = wrapper.framework; includeInIndex = 0; path = Pods_JiggieTests.framework; sourceTree = BUILT_PRODUCTS_DIR; };
		864E9CFFE776E009EC36293F /* Pods_Jiggie.framework */ = {isa = PBXFileReference; explicitFileType = wrapper.framework; includeInIndex = 0; path = Pods_Jiggie.framework; sourceTree = BUILT_PRODUCTS_DIR; };
		9367EF241D013C2800B61FAC /* EventListViewController.swift */ = {isa = PBXFileReference; fileEncoding = 4; lastKnownFileType = sourcecode.swift; path = EventListViewController.swift; sourceTree = "<group>"; };
		9367EF251D013C2800B61FAC /* EventListViewController.xib */ = {isa = PBXFileReference; fileEncoding = 4; lastKnownFileType = file.xib; path = EventListViewController.xib; sourceTree = "<group>"; };
		9367EF291D013C2800B61FAC /* SocialViewController.swift */ = {isa = PBXFileReference; fileEncoding = 4; lastKnownFileType = sourcecode.swift; path = SocialViewController.swift; sourceTree = "<group>"; };
		9367EF2A1D013C2800B61FAC /* SocialViewController.xib */ = {isa = PBXFileReference; fileEncoding = 4; lastKnownFileType = file.xib; path = SocialViewController.xib; sourceTree = "<group>"; };
		9367EF2F1D013C2800B61FAC /* Assets.xcassets */ = {isa = PBXFileReference; lastKnownFileType = folder.assetcatalog; path = Assets.xcassets; sourceTree = "<group>"; };
		9367EF3F1D01641D00B61FAC /* FoundationHelper.swift */ = {isa = PBXFileReference; fileEncoding = 4; lastKnownFileType = sourcecode.swift; path = FoundationHelper.swift; sourceTree = "<group>"; };
		9367EF401D01641D00B61FAC /* UIKitHelper.swift */ = {isa = PBXFileReference; fileEncoding = 4; lastKnownFileType = sourcecode.swift; path = UIKitHelper.swift; sourceTree = "<group>"; };
		9367EF451D01672900B61FAC /* BaseViewController.swift */ = {isa = PBXFileReference; fileEncoding = 4; lastKnownFileType = sourcecode.swift; path = BaseViewController.swift; sourceTree = "<group>"; };
		9367EF511D0168CE00B61FAC /* Lato-Bold.ttf */ = {isa = PBXFileReference; lastKnownFileType = file; path = "Lato-Bold.ttf"; sourceTree = "<group>"; };
		9367EF521D0168CE00B61FAC /* Lato-Italic.ttf */ = {isa = PBXFileReference; lastKnownFileType = file; path = "Lato-Italic.ttf"; sourceTree = "<group>"; };
		9367EF531D0168CE00B61FAC /* Lato-Light.ttf */ = {isa = PBXFileReference; lastKnownFileType = file; path = "Lato-Light.ttf"; sourceTree = "<group>"; };
		9367EF541D0168CE00B61FAC /* Lato-Regular.ttf */ = {isa = PBXFileReference; lastKnownFileType = file; path = "Lato-Regular.ttf"; sourceTree = "<group>"; };
		9367EF591D01774800B61FAC /* BaseTabBarController.swift */ = {isa = PBXFileReference; fileEncoding = 4; lastKnownFileType = sourcecode.swift; path = BaseTabBarController.swift; sourceTree = "<group>"; };
		CB10E87150BE728D90E9DD49 /* Pods-Jiggie.debug.xcconfig */ = {isa = PBXFileReference; includeInIndex = 1; lastKnownFileType = text.xcconfig; name = "Pods-Jiggie.debug.xcconfig"; path = "Pods/Target Support Files/Pods-Jiggie/Pods-Jiggie.debug.xcconfig"; sourceTree = "<group>"; };
		DA146C181CEEF38100C626FB /* Jiggie.app */ = {isa = PBXFileReference; explicitFileType = wrapper.application; includeInIndex = 0; path = Jiggie.app; sourceTree = BUILT_PRODUCTS_DIR; };
		DA146C1B1CEEF38100C626FB /* AppDelegate.swift */ = {isa = PBXFileReference; lastKnownFileType = sourcecode.swift; path = AppDelegate.swift; sourceTree = "<group>"; };
		DA146C271CEEF38100C626FB /* Base */ = {isa = PBXFileReference; lastKnownFileType = file.storyboard; name = Base; path = Base.lproj/LaunchScreen.storyboard; sourceTree = "<group>"; };
		DA146C291CEEF38100C626FB /* Info.plist */ = {isa = PBXFileReference; lastKnownFileType = text.plist.xml; path = Info.plist; sourceTree = "<group>"; };
		DA146C2E1CEEF38100C626FB /* JiggieTests.xctest */ = {isa = PBXFileReference; explicitFileType = wrapper.cfbundle; includeInIndex = 0; path = JiggieTests.xctest; sourceTree = BUILT_PRODUCTS_DIR; };
		DA146C321CEEF38100C626FB /* JiggieTests.swift */ = {isa = PBXFileReference; lastKnownFileType = sourcecode.swift; path = JiggieTests.swift; sourceTree = "<group>"; };
		DA146C341CEEF38100C626FB /* Info.plist */ = {isa = PBXFileReference; lastKnownFileType = text.plist.xml; path = Info.plist; sourceTree = "<group>"; };
		DA146C391CEEF38100C626FB /* JiggieUITests.xctest */ = {isa = PBXFileReference; explicitFileType = wrapper.cfbundle; includeInIndex = 0; path = JiggieUITests.xctest; sourceTree = BUILT_PRODUCTS_DIR; };
		DA146C3D1CEEF38100C626FB /* JiggieUITests.swift */ = {isa = PBXFileReference; lastKnownFileType = sourcecode.swift; path = JiggieUITests.swift; sourceTree = "<group>"; };
		DA146C3F1CEEF38200C626FB /* Info.plist */ = {isa = PBXFileReference; lastKnownFileType = text.plist.xml; path = Info.plist; sourceTree = "<group>"; };
		EE9AA21A63BD553D278BF370 /* Pods-JiggieUITests.release.xcconfig */ = {isa = PBXFileReference; includeInIndex = 1; lastKnownFileType = text.xcconfig; name = "Pods-JiggieUITests.release.xcconfig"; path = "Pods/Target Support Files/Pods-JiggieUITests/Pods-JiggieUITests.release.xcconfig"; sourceTree = "<group>"; };
		F0122323FB1629F686BFF8E8 /* Pods_JiggieUITests.framework */ = {isa = PBXFileReference; explicitFileType = wrapper.framework; includeInIndex = 0; path = Pods_JiggieUITests.framework; sourceTree = BUILT_PRODUCTS_DIR; };
/* End PBXFileReference section */

/* Begin PBXFrameworksBuildPhase section */
		DA146C151CEEF38100C626FB /* Frameworks */ = {
			isa = PBXFrameworksBuildPhase;
			buildActionMask = 2147483647;
			files = (
				860B69D34184795942E8928E /* Pods_Jiggie.framework in Frameworks */,
			);
			runOnlyForDeploymentPostprocessing = 0;
		};
		DA146C2B1CEEF38100C626FB /* Frameworks */ = {
			isa = PBXFrameworksBuildPhase;
			buildActionMask = 2147483647;
			files = (
				C8C237A118C6680AD8CC4A1E /* Pods_JiggieTests.framework in Frameworks */,
			);
			runOnlyForDeploymentPostprocessing = 0;
		};
		DA146C361CEEF38100C626FB /* Frameworks */ = {
			isa = PBXFrameworksBuildPhase;
			buildActionMask = 2147483647;
			files = (
				F39A9FD64C2B216397E937D4 /* Pods_JiggieUITests.framework in Frameworks */,
			);
			runOnlyForDeploymentPostprocessing = 0;
		};
/* End PBXFrameworksBuildPhase section */

/* Begin PBXGroup section */
		332B8008DABA0A62CDCC2E39 /* Pods */ = {
			isa = PBXGroup;
			children = (
				CB10E87150BE728D90E9DD49 /* Pods-Jiggie.debug.xcconfig */,
				30924E8934ACC93CE1B17A45 /* Pods-Jiggie.release.xcconfig */,
				481C250CA5AC4FB6F33E613E /* Pods-JiggieTests.debug.xcconfig */,
				0AA89E01992EFF648CE92FC8 /* Pods-JiggieTests.release.xcconfig */,
				1AB7F547D9154A26B152C2DB /* Pods-JiggieUITests.debug.xcconfig */,
				EE9AA21A63BD553D278BF370 /* Pods-JiggieUITests.release.xcconfig */,
			);
			name = Pods;
			sourceTree = "<group>";
		};
		9367EF201D013C2800B61FAC /* Components */ = {
			isa = PBXGroup;
			children = (
				9367EF3F1D01641D00B61FAC /* FoundationHelper.swift */,
				9367EF401D01641D00B61FAC /* UIKitHelper.swift */,
			);
			path = Components;
			sourceTree = "<group>";
		};
		9367EF211D013C2800B61FAC /* Controllers */ = {
			isa = PBXGroup;
			children = (
				9367EF221D013C2800B61FAC /* Chats */,
				9367EF231D013C2800B61FAC /* Events */,
				9367EF261D013C2800B61FAC /* Login */,
				9367EF271D013C2800B61FAC /* Settings */,
				9367EF281D013C2800B61FAC /* Social */,
				9367EF2B1D013C2800B61FAC /* Tickets */,
			);
			path = Controllers;
			sourceTree = "<group>";
		};
		9367EF221D013C2800B61FAC /* Chats */ = {
			isa = PBXGroup;
			children = (
			);
			path = Chats;
			sourceTree = "<group>";
		};
		9367EF231D013C2800B61FAC /* Events */ = {
			isa = PBXGroup;
			children = (
				9367EF241D013C2800B61FAC /* EventListViewController.swift */,
				9367EF251D013C2800B61FAC /* EventListViewController.xib */,
			);
			path = Events;
			sourceTree = "<group>";
		};
		9367EF261D013C2800B61FAC /* Login */ = {
			isa = PBXGroup;
			children = (
			);
			path = Login;
			sourceTree = "<group>";
		};
		9367EF271D013C2800B61FAC /* Settings */ = {
			isa = PBXGroup;
			children = (
			);
			path = Settings;
			sourceTree = "<group>";
		};
		9367EF281D013C2800B61FAC /* Social */ = {
			isa = PBXGroup;
			children = (
				9367EF291D013C2800B61FAC /* SocialViewController.swift */,
				9367EF2A1D013C2800B61FAC /* SocialViewController.xib */,
			);
			path = Social;
			sourceTree = "<group>";
		};
		9367EF2B1D013C2800B61FAC /* Tickets */ = {
			isa = PBXGroup;
			children = (
			);
			path = Tickets;
			sourceTree = "<group>";
		};
		9367EF2C1D013C2800B61FAC /* ExtraLibraries */ = {
			isa = PBXGroup;
			children = (
			);
			path = ExtraLibraries;
			sourceTree = "<group>";
		};
		9367EF2D1D013C2800B61FAC /* Models */ = {
			isa = PBXGroup;
			children = (
			);
			path = Models;
			sourceTree = "<group>";
		};
		9367EF2E1D013C2800B61FAC /* Resources */ = {
			isa = PBXGroup;
			children = (
				9367EF2F1D013C2800B61FAC /* Assets.xcassets */,
				9367EF501D0168CE00B61FAC /* Fonts */,
			);
			path = Resources;
			sourceTree = "<group>";
		};
		9367EF311D013C2800B61FAC /* Views */ = {
			isa = PBXGroup;
			children = (
			);
			path = Views;
			sourceTree = "<group>";
		};
		9367EF501D0168CE00B61FAC /* Fonts */ = {
			isa = PBXGroup;
			children = (
				9367EF511D0168CE00B61FAC /* Lato-Bold.ttf */,
				9367EF521D0168CE00B61FAC /* Lato-Italic.ttf */,
				9367EF531D0168CE00B61FAC /* Lato-Light.ttf */,
				9367EF541D0168CE00B61FAC /* Lato-Regular.ttf */,
			);
			path = Fonts;
			sourceTree = "<group>";
		};
		DA146C0F1CEEF38100C626FB = {
			isa = PBXGroup;
			children = (
				DA146C1A1CEEF38100C626FB /* Jiggie */,
				DA146C311CEEF38100C626FB /* JiggieTests */,
				DA146C3C1CEEF38100C626FB /* JiggieUITests */,
				DA146C191CEEF38100C626FB /* Products */,
				332B8008DABA0A62CDCC2E39 /* Pods */,
				DD5B74235239CD6BB729D471 /* Frameworks */,
			);
			sourceTree = "<group>";
		};
		DA146C191CEEF38100C626FB /* Products */ = {
			isa = PBXGroup;
			children = (
				DA146C181CEEF38100C626FB /* Jiggie.app */,
				DA146C2E1CEEF38100C626FB /* JiggieTests.xctest */,
				DA146C391CEEF38100C626FB /* JiggieUITests.xctest */,
			);
			name = Products;
			sourceTree = "<group>";
		};
		DA146C1A1CEEF38100C626FB /* Jiggie */ = {
			isa = PBXGroup;
			children = (
				9367EF201D013C2800B61FAC /* Components */,
				9367EF211D013C2800B61FAC /* Controllers */,
				9367EF2C1D013C2800B61FAC /* ExtraLibraries */,
				9367EF2D1D013C2800B61FAC /* Models */,
				9367EF2E1D013C2800B61FAC /* Resources */,
				9367EF311D013C2800B61FAC /* Views */,
				DA146C1B1CEEF38100C626FB /* AppDelegate.swift */,
				9367EF451D01672900B61FAC /* BaseViewController.swift */,
				9367EF591D01774800B61FAC /* BaseTabBarController.swift */,
				DA146C261CEEF38100C626FB /* LaunchScreen.storyboard */,
				DA146C291CEEF38100C626FB /* Info.plist */,
			);
			path = Jiggie;
			sourceTree = "<group>";
		};
		DA146C311CEEF38100C626FB /* JiggieTests */ = {
			isa = PBXGroup;
			children = (
				DA146C321CEEF38100C626FB /* JiggieTests.swift */,
				DA146C341CEEF38100C626FB /* Info.plist */,
			);
			path = JiggieTests;
			sourceTree = "<group>";
		};
		DA146C3C1CEEF38100C626FB /* JiggieUITests */ = {
			isa = PBXGroup;
			children = (
				DA146C3D1CEEF38100C626FB /* JiggieUITests.swift */,
				DA146C3F1CEEF38200C626FB /* Info.plist */,
			);
			path = JiggieUITests;
			sourceTree = "<group>";
		};
		DD5B74235239CD6BB729D471 /* Frameworks */ = {
			isa = PBXGroup;
			children = (
				864E9CFFE776E009EC36293F /* Pods_Jiggie.framework */,
				6555F400C2B6E96DF6D04526 /* Pods_JiggieTests.framework */,
				F0122323FB1629F686BFF8E8 /* Pods_JiggieUITests.framework */,
			);
			name = Frameworks;
			sourceTree = "<group>";
		};
/* End PBXGroup section */

/* Begin PBXNativeTarget section */
		DA146C171CEEF38100C626FB /* Jiggie */ = {
			isa = PBXNativeTarget;
			buildConfigurationList = DA146C421CEEF38200C626FB /* Build configuration list for PBXNativeTarget "Jiggie" */;
			buildPhases = (
				5ED9E2071F2FA0ACF5AFC5AB /* 📦 Check Pods Manifest.lock */,
				DA146C141CEEF38100C626FB /* Sources */,
				DA146C151CEEF38100C626FB /* Frameworks */,
				DA146C161CEEF38100C626FB /* Resources */,
				590414534782D1133026FACE /* 📦 Embed Pods Frameworks */,
				AF860039DA0F3193298991EA /* 📦 Copy Pods Resources */,
			);
			buildRules = (
			);
			dependencies = (
			);
			name = Jiggie;
			productName = Jiggie;
			productReference = DA146C181CEEF38100C626FB /* Jiggie.app */;
			productType = "com.apple.product-type.application";
		};
		DA146C2D1CEEF38100C626FB /* JiggieTests */ = {
			isa = PBXNativeTarget;
			buildConfigurationList = DA146C451CEEF38200C626FB /* Build configuration list for PBXNativeTarget "JiggieTests" */;
			buildPhases = (
				A19D3412FBEF271FC5737608 /* 📦 Check Pods Manifest.lock */,
				DA146C2A1CEEF38100C626FB /* Sources */,
				DA146C2B1CEEF38100C626FB /* Frameworks */,
				DA146C2C1CEEF38100C626FB /* Resources */,
				4FB3038B17A7710CDBD99CB5 /* 📦 Embed Pods Frameworks */,
				48C9BA7A34C338B65E82C9A2 /* 📦 Copy Pods Resources */,
			);
			buildRules = (
			);
			dependencies = (
				DA146C301CEEF38100C626FB /* PBXTargetDependency */,
			);
			name = JiggieTests;
			productName = JiggieTests;
			productReference = DA146C2E1CEEF38100C626FB /* JiggieTests.xctest */;
			productType = "com.apple.product-type.bundle.unit-test";
		};
		DA146C381CEEF38100C626FB /* JiggieUITests */ = {
			isa = PBXNativeTarget;
			buildConfigurationList = DA146C481CEEF38200C626FB /* Build configuration list for PBXNativeTarget "JiggieUITests" */;
			buildPhases = (
				ED10F176ABE4589523070550 /* 📦 Check Pods Manifest.lock */,
				DA146C351CEEF38100C626FB /* Sources */,
				DA146C361CEEF38100C626FB /* Frameworks */,
				DA146C371CEEF38100C626FB /* Resources */,
				075E03421A36F4DDFBE6E7EA /* 📦 Copy Pods Resources */,
			);
			buildRules = (
			);
			dependencies = (
				DA146C3B1CEEF38100C626FB /* PBXTargetDependency */,
			);
			name = JiggieUITests;
			productName = JiggieUITests;
			productReference = DA146C391CEEF38100C626FB /* JiggieUITests.xctest */;
			productType = "com.apple.product-type.bundle.ui-testing";
		};
/* End PBXNativeTarget section */

/* Begin PBXProject section */
		DA146C101CEEF38100C626FB /* Project object */ = {
			isa = PBXProject;
			attributes = {
				LastSwiftUpdateCheck = 0730;
				LastUpgradeCheck = 0730;
				ORGANIZATIONNAME = Jiggie;
				TargetAttributes = {
					DA146C171CEEF38100C626FB = {
						CreatedOnToolsVersion = 7.3;
					};
					DA146C2D1CEEF38100C626FB = {
						CreatedOnToolsVersion = 7.3;
						TestTargetID = DA146C171CEEF38100C626FB;
					};
					DA146C381CEEF38100C626FB = {
						CreatedOnToolsVersion = 7.3;
						TestTargetID = DA146C171CEEF38100C626FB;
					};
				};
			};
			buildConfigurationList = DA146C131CEEF38100C626FB /* Build configuration list for PBXProject "Jiggie" */;
			compatibilityVersion = "Xcode 3.2";
			developmentRegion = English;
			hasScannedForEncodings = 0;
			knownRegions = (
				en,
				Base,
			);
			mainGroup = DA146C0F1CEEF38100C626FB;
			productRefGroup = DA146C191CEEF38100C626FB /* Products */;
			projectDirPath = "";
			projectRoot = "";
			targets = (
				DA146C171CEEF38100C626FB /* Jiggie */,
				DA146C2D1CEEF38100C626FB /* JiggieTests */,
				DA146C381CEEF38100C626FB /* JiggieUITests */,
			);
		};
/* End PBXProject section */

/* Begin PBXResourcesBuildPhase section */
		DA146C161CEEF38100C626FB /* Resources */ = {
			isa = PBXResourcesBuildPhase;
			buildActionMask = 2147483647;
			files = (
				9367EF341D013C2800B61FAC /* EventListViewController.xib in Resources */,
				9367EF551D0168CE00B61FAC /* Lato-Bold.ttf in Resources */,
				DA146C281CEEF38100C626FB /* LaunchScreen.storyboard in Resources */,
				9367EF581D0168CE00B61FAC /* Lato-Regular.ttf in Resources */,
				9367EF381D013C2800B61FAC /* SocialViewController.xib in Resources */,
				9367EF561D0168CE00B61FAC /* Lato-Italic.ttf in Resources */,
				9367EF3A1D013C2800B61FAC /* Assets.xcassets in Resources */,
				9367EF571D0168CE00B61FAC /* Lato-Light.ttf in Resources */,
			);
			runOnlyForDeploymentPostprocessing = 0;
		};
		DA146C2C1CEEF38100C626FB /* Resources */ = {
			isa = PBXResourcesBuildPhase;
			buildActionMask = 2147483647;
			files = (
				9367EF351D013C2800B61FAC /* EventListViewController.xib in Resources */,
				9367EF3B1D013C2800B61FAC /* Assets.xcassets in Resources */,
				9367EF391D013C2800B61FAC /* SocialViewController.xib in Resources */,
			);
			runOnlyForDeploymentPostprocessing = 0;
		};
		DA146C371CEEF38100C626FB /* Resources */ = {
			isa = PBXResourcesBuildPhase;
			buildActionMask = 2147483647;
			files = (
			);
			runOnlyForDeploymentPostprocessing = 0;
		};
/* End PBXResourcesBuildPhase section */

/* Begin PBXShellScriptBuildPhase section */
		075E03421A36F4DDFBE6E7EA /* 📦 Copy Pods Resources */ = {
			isa = PBXShellScriptBuildPhase;
			buildActionMask = 2147483647;
			files = (
			);
			inputPaths = (
			);
			name = "📦 Copy Pods Resources";
			outputPaths = (
			);
			runOnlyForDeploymentPostprocessing = 0;
			shellPath = /bin/sh;
			shellScript = "\"${SRCROOT}/Pods/Target Support Files/Pods-JiggieUITests/Pods-JiggieUITests-resources.sh\"\n";
			showEnvVarsInLog = 0;
		};
		48C9BA7A34C338B65E82C9A2 /* 📦 Copy Pods Resources */ = {
			isa = PBXShellScriptBuildPhase;
			buildActionMask = 2147483647;
			files = (
			);
			inputPaths = (
			);
			name = "📦 Copy Pods Resources";
			outputPaths = (
			);
			runOnlyForDeploymentPostprocessing = 0;
			shellPath = /bin/sh;
			shellScript = "\"${SRCROOT}/Pods/Target Support Files/Pods-JiggieTests/Pods-JiggieTests-resources.sh\"\n";
			showEnvVarsInLog = 0;
		};
		4FB3038B17A7710CDBD99CB5 /* 📦 Embed Pods Frameworks */ = {
			isa = PBXShellScriptBuildPhase;
			buildActionMask = 2147483647;
			files = (
			);
			inputPaths = (
			);
			name = "📦 Embed Pods Frameworks";
			outputPaths = (
			);
			runOnlyForDeploymentPostprocessing = 0;
			shellPath = /bin/sh;
			shellScript = "\"${SRCROOT}/Pods/Target Support Files/Pods-JiggieTests/Pods-JiggieTests-frameworks.sh\"\n";
			showEnvVarsInLog = 0;
		};
		590414534782D1133026FACE /* 📦 Embed Pods Frameworks */ = {
			isa = PBXShellScriptBuildPhase;
			buildActionMask = 2147483647;
			files = (
			);
			inputPaths = (
			);
			name = "📦 Embed Pods Frameworks";
			outputPaths = (
			);
			runOnlyForDeploymentPostprocessing = 0;
			shellPath = /bin/sh;
			shellScript = "\"${SRCROOT}/Pods/Target Support Files/Pods-Jiggie/Pods-Jiggie-frameworks.sh\"\n";
			showEnvVarsInLog = 0;
		};
		5ED9E2071F2FA0ACF5AFC5AB /* 📦 Check Pods Manifest.lock */ = {
			isa = PBXShellScriptBuildPhase;
			buildActionMask = 2147483647;
			files = (
			);
			inputPaths = (
			);
			name = "📦 Check Pods Manifest.lock";
			outputPaths = (
			);
			runOnlyForDeploymentPostprocessing = 0;
			shellPath = /bin/sh;
			shellScript = "diff \"${PODS_ROOT}/../Podfile.lock\" \"${PODS_ROOT}/Manifest.lock\" > /dev/null\nif [[ $? != 0 ]] ; then\n    cat << EOM\nerror: The sandbox is not in sync with the Podfile.lock. Run 'pod install' or update your CocoaPods installation.\nEOM\n    exit 1\nfi\n";
			showEnvVarsInLog = 0;
		};
		A19D3412FBEF271FC5737608 /* 📦 Check Pods Manifest.lock */ = {
			isa = PBXShellScriptBuildPhase;
			buildActionMask = 2147483647;
			files = (
			);
			inputPaths = (
			);
			name = "📦 Check Pods Manifest.lock";
			outputPaths = (
			);
			runOnlyForDeploymentPostprocessing = 0;
			shellPath = /bin/sh;
			shellScript = "diff \"${PODS_ROOT}/../Podfile.lock\" \"${PODS_ROOT}/Manifest.lock\" > /dev/null\nif [[ $? != 0 ]] ; then\n    cat << EOM\nerror: The sandbox is not in sync with the Podfile.lock. Run 'pod install' or update your CocoaPods installation.\nEOM\n    exit 1\nfi\n";
			showEnvVarsInLog = 0;
		};
		AF860039DA0F3193298991EA /* 📦 Copy Pods Resources */ = {
			isa = PBXShellScriptBuildPhase;
			buildActionMask = 2147483647;
			files = (
			);
			inputPaths = (
			);
			name = "📦 Copy Pods Resources";
			outputPaths = (
			);
			runOnlyForDeploymentPostprocessing = 0;
			shellPath = /bin/sh;
			shellScript = "\"${SRCROOT}/Pods/Target Support Files/Pods-Jiggie/Pods-Jiggie-resources.sh\"\n";
			showEnvVarsInLog = 0;
		};
		ED10F176ABE4589523070550 /* 📦 Check Pods Manifest.lock */ = {
			isa = PBXShellScriptBuildPhase;
			buildActionMask = 2147483647;
			files = (
			);
			inputPaths = (
			);
			name = "📦 Check Pods Manifest.lock";
			outputPaths = (
			);
			runOnlyForDeploymentPostprocessing = 0;
			shellPath = /bin/sh;
			shellScript = "diff \"${PODS_ROOT}/../Podfile.lock\" \"${PODS_ROOT}/Manifest.lock\" > /dev/null\nif [[ $? != 0 ]] ; then\n    cat << EOM\nerror: The sandbox is not in sync with the Podfile.lock. Run 'pod install' or update your CocoaPods installation.\nEOM\n    exit 1\nfi\n";
			showEnvVarsInLog = 0;
		};
/* End PBXShellScriptBuildPhase section */

/* Begin PBXSourcesBuildPhase section */
		DA146C141CEEF38100C626FB /* Sources */ = {
			isa = PBXSourcesBuildPhase;
			buildActionMask = 2147483647;
			files = (
				9367EF5A1D01774800B61FAC /* BaseTabBarController.swift in Sources */,
				9367EF431D01641D00B61FAC /* UIKitHelper.swift in Sources */,
				9367EF411D01641D00B61FAC /* FoundationHelper.swift in Sources */,
				9367EF361D013C2800B61FAC /* SocialViewController.swift in Sources */,
				9367EF321D013C2800B61FAC /* EventListViewController.swift in Sources */,
				DA146C1C1CEEF38100C626FB /* AppDelegate.swift in Sources */,
				9367EF461D01672900B61FAC /* BaseViewController.swift in Sources */,
			);
			runOnlyForDeploymentPostprocessing = 0;
		};
		DA146C2A1CEEF38100C626FB /* Sources */ = {
			isa = PBXSourcesBuildPhase;
			buildActionMask = 2147483647;
			files = (
				9367EF5B1D01774800B61FAC /* BaseTabBarController.swift in Sources */,
				9367EF441D01641D00B61FAC /* UIKitHelper.swift in Sources */,
				9367EF421D01641D00B61FAC /* FoundationHelper.swift in Sources */,
				9367EF371D013C2800B61FAC /* SocialViewController.swift in Sources */,
				DA146C331CEEF38100C626FB /* JiggieTests.swift in Sources */,
				9367EF331D013C2800B61FAC /* EventListViewController.swift in Sources */,
				9367EF471D01672900B61FAC /* BaseViewController.swift in Sources */,
			);
			runOnlyForDeploymentPostprocessing = 0;
		};
		DA146C351CEEF38100C626FB /* Sources */ = {
			isa = PBXSourcesBuildPhase;
			buildActionMask = 2147483647;
			files = (
				DA146C3E1CEEF38100C626FB /* JiggieUITests.swift in Sources */,
			);
			runOnlyForDeploymentPostprocessing = 0;
		};
/* End PBXSourcesBuildPhase section */

/* Begin PBXTargetDependency section */
		DA146C301CEEF38100C626FB /* PBXTargetDependency */ = {
			isa = PBXTargetDependency;
			target = DA146C171CEEF38100C626FB /* Jiggie */;
			targetProxy = DA146C2F1CEEF38100C626FB /* PBXContainerItemProxy */;
		};
		DA146C3B1CEEF38100C626FB /* PBXTargetDependency */ = {
			isa = PBXTargetDependency;
			target = DA146C171CEEF38100C626FB /* Jiggie */;
			targetProxy = DA146C3A1CEEF38100C626FB /* PBXContainerItemProxy */;
		};
/* End PBXTargetDependency section */

/* Begin PBXVariantGroup section */
		DA146C261CEEF38100C626FB /* LaunchScreen.storyboard */ = {
			isa = PBXVariantGroup;
			children = (
				DA146C271CEEF38100C626FB /* Base */,
			);
			name = LaunchScreen.storyboard;
			sourceTree = "<group>";
		};
/* End PBXVariantGroup section */

/* Begin XCBuildConfiguration section */
		DA146C401CEEF38200C626FB /* Debug */ = {
			isa = XCBuildConfiguration;
			buildSettings = {
				ALWAYS_SEARCH_USER_PATHS = NO;
				CLANG_ANALYZER_NONNULL = YES;
				CLANG_CXX_LANGUAGE_STANDARD = "gnu++0x";
				CLANG_CXX_LIBRARY = "libc++";
				CLANG_ENABLE_MODULES = YES;
				CLANG_ENABLE_OBJC_ARC = YES;
				CLANG_WARN_BOOL_CONVERSION = YES;
				CLANG_WARN_CONSTANT_CONVERSION = YES;
				CLANG_WARN_DIRECT_OBJC_ISA_USAGE = YES_ERROR;
				CLANG_WARN_EMPTY_BODY = YES;
				CLANG_WARN_ENUM_CONVERSION = YES;
				CLANG_WARN_INT_CONVERSION = YES;
				CLANG_WARN_OBJC_ROOT_CLASS = YES_ERROR;
				CLANG_WARN_UNREACHABLE_CODE = YES;
				CLANG_WARN__DUPLICATE_METHOD_MATCH = YES;
				"CODE_SIGN_IDENTITY[sdk=iphoneos*]" = "iPhone Developer";
				COPY_PHASE_STRIP = NO;
				DEBUG_INFORMATION_FORMAT = dwarf;
				ENABLE_STRICT_OBJC_MSGSEND = YES;
				ENABLE_TESTABILITY = YES;
				GCC_C_LANGUAGE_STANDARD = gnu99;
				GCC_DYNAMIC_NO_PIC = NO;
				GCC_NO_COMMON_BLOCKS = YES;
				GCC_OPTIMIZATION_LEVEL = 0;
				GCC_PREPROCESSOR_DEFINITIONS = (
					"DEBUG=1",
					"$(inherited)",
				);
				GCC_WARN_64_TO_32_BIT_CONVERSION = YES;
				GCC_WARN_ABOUT_RETURN_TYPE = YES_ERROR;
				GCC_WARN_UNDECLARED_SELECTOR = YES;
				GCC_WARN_UNINITIALIZED_AUTOS = YES_AGGRESSIVE;
				GCC_WARN_UNUSED_FUNCTION = YES;
				GCC_WARN_UNUSED_VARIABLE = YES;
				IPHONEOS_DEPLOYMENT_TARGET = 9.3;
				MTL_ENABLE_DEBUG_INFO = YES;
				ONLY_ACTIVE_ARCH = YES;
				SDKROOT = iphoneos;
				SWIFT_OPTIMIZATION_LEVEL = "-Onone";
			};
			name = Debug;
		};
		DA146C411CEEF38200C626FB /* Release */ = {
			isa = XCBuildConfiguration;
			buildSettings = {
				ALWAYS_SEARCH_USER_PATHS = NO;
				CLANG_ANALYZER_NONNULL = YES;
				CLANG_CXX_LANGUAGE_STANDARD = "gnu++0x";
				CLANG_CXX_LIBRARY = "libc++";
				CLANG_ENABLE_MODULES = YES;
				CLANG_ENABLE_OBJC_ARC = YES;
				CLANG_WARN_BOOL_CONVERSION = YES;
				CLANG_WARN_CONSTANT_CONVERSION = YES;
				CLANG_WARN_DIRECT_OBJC_ISA_USAGE = YES_ERROR;
				CLANG_WARN_EMPTY_BODY = YES;
				CLANG_WARN_ENUM_CONVERSION = YES;
				CLANG_WARN_INT_CONVERSION = YES;
				CLANG_WARN_OBJC_ROOT_CLASS = YES_ERROR;
				CLANG_WARN_UNREACHABLE_CODE = YES;
				CLANG_WARN__DUPLICATE_METHOD_MATCH = YES;
				"CODE_SIGN_IDENTITY[sdk=iphoneos*]" = "iPhone Developer";
				COPY_PHASE_STRIP = NO;
				DEBUG_INFORMATION_FORMAT = "dwarf-with-dsym";
				ENABLE_NS_ASSERTIONS = NO;
				ENABLE_STRICT_OBJC_MSGSEND = YES;
				GCC_C_LANGUAGE_STANDARD = gnu99;
				GCC_NO_COMMON_BLOCKS = YES;
				GCC_WARN_64_TO_32_BIT_CONVERSION = YES;
				GCC_WARN_ABOUT_RETURN_TYPE = YES_ERROR;
				GCC_WARN_UNDECLARED_SELECTOR = YES;
				GCC_WARN_UNINITIALIZED_AUTOS = YES_AGGRESSIVE;
				GCC_WARN_UNUSED_FUNCTION = YES;
				GCC_WARN_UNUSED_VARIABLE = YES;
				IPHONEOS_DEPLOYMENT_TARGET = 9.3;
				MTL_ENABLE_DEBUG_INFO = NO;
				SDKROOT = iphoneos;
				VALIDATE_PRODUCT = YES;
			};
			name = Release;
		};
		DA146C431CEEF38200C626FB /* Debug */ = {
			isa = XCBuildConfiguration;
			baseConfigurationReference = CB10E87150BE728D90E9DD49 /* Pods-Jiggie.debug.xcconfig */;
			buildSettings = {
				ASSETCATALOG_COMPILER_APPICON_NAME = AppIcon;
				INFOPLIST_FILE = Jiggie/Info.plist;
				IPHONEOS_DEPLOYMENT_TARGET = 8.0;
				LD_RUNPATH_SEARCH_PATHS = "$(inherited) @executable_path/Frameworks";
				PRODUCT_BUNDLE_IDENTIFIER = com.partyhost.Jiggie;
				PRODUCT_NAME = "$(TARGET_NAME)";
			};
			name = Debug;
		};
		DA146C441CEEF38200C626FB /* Release */ = {
			isa = XCBuildConfiguration;
			baseConfigurationReference = 30924E8934ACC93CE1B17A45 /* Pods-Jiggie.release.xcconfig */;
			buildSettings = {
				ASSETCATALOG_COMPILER_APPICON_NAME = AppIcon;
				INFOPLIST_FILE = Jiggie/Info.plist;
				IPHONEOS_DEPLOYMENT_TARGET = 8.0;
				LD_RUNPATH_SEARCH_PATHS = "$(inherited) @executable_path/Frameworks";
				PRODUCT_BUNDLE_IDENTIFIER = com.partyhost.Jiggie;
				PRODUCT_NAME = "$(TARGET_NAME)";
			};
			name = Release;
		};
		DA146C461CEEF38200C626FB /* Debug */ = {
			isa = XCBuildConfiguration;
			baseConfigurationReference = 481C250CA5AC4FB6F33E613E /* Pods-JiggieTests.debug.xcconfig */;
			buildSettings = {
				BUNDLE_LOADER = "$(TEST_HOST)";
				INFOPLIST_FILE = JiggieTests/Info.plist;
				LD_RUNPATH_SEARCH_PATHS = "$(inherited) @executable_path/Frameworks @loader_path/Frameworks";
				PRODUCT_BUNDLE_IDENTIFIER = com.partyhost.JiggieTests;
				PRODUCT_NAME = "$(TARGET_NAME)";
				TEST_HOST = "$(BUILT_PRODUCTS_DIR)/Jiggie.app/Jiggie";
			};
			name = Debug;
		};
		DA146C471CEEF38200C626FB /* Release */ = {
			isa = XCBuildConfiguration;
			baseConfigurationReference = 0AA89E01992EFF648CE92FC8 /* Pods-JiggieTests.release.xcconfig */;
			buildSettings = {
				BUNDLE_LOADER = "$(TEST_HOST)";
				INFOPLIST_FILE = JiggieTests/Info.plist;
				LD_RUNPATH_SEARCH_PATHS = "$(inherited) @executable_path/Frameworks @loader_path/Frameworks";
				PRODUCT_BUNDLE_IDENTIFIER = com.partyhost.JiggieTests;
				PRODUCT_NAME = "$(TARGET_NAME)";
				TEST_HOST = "$(BUILT_PRODUCTS_DIR)/Jiggie.app/Jiggie";
			};
			name = Release;
		};
		DA146C491CEEF38200C626FB /* Debug */ = {
			isa = XCBuildConfiguration;
			baseConfigurationReference = 1AB7F547D9154A26B152C2DB /* Pods-JiggieUITests.debug.xcconfig */;
			buildSettings = {
				INFOPLIST_FILE = JiggieUITests/Info.plist;
				LD_RUNPATH_SEARCH_PATHS = "$(inherited) @executable_path/Frameworks @loader_path/Frameworks";
				PRODUCT_BUNDLE_IDENTIFIER = com.partyhost.JiggieUITests;
				PRODUCT_NAME = "$(TARGET_NAME)";
				TEST_TARGET_NAME = Jiggie;
			};
			name = Debug;
		};
		DA146C4A1CEEF38200C626FB /* Release */ = {
			isa = XCBuildConfiguration;
			baseConfigurationReference = EE9AA21A63BD553D278BF370 /* Pods-JiggieUITests.release.xcconfig */;
			buildSettings = {
				INFOPLIST_FILE = JiggieUITests/Info.plist;
				LD_RUNPATH_SEARCH_PATHS = "$(inherited) @executable_path/Frameworks @loader_path/Frameworks";
				PRODUCT_BUNDLE_IDENTIFIER = com.partyhost.JiggieUITests;
				PRODUCT_NAME = "$(TARGET_NAME)";
				TEST_TARGET_NAME = Jiggie;
			};
			name = Release;
		};
/* End XCBuildConfiguration section */

/* Begin XCConfigurationList section */
		DA146C131CEEF38100C626FB /* Build configuration list for PBXProject "Jiggie" */ = {
			isa = XCConfigurationList;
			buildConfigurations = (
				DA146C401CEEF38200C626FB /* Debug */,
				DA146C411CEEF38200C626FB /* Release */,
			);
			defaultConfigurationIsVisible = 0;
			defaultConfigurationName = Release;
		};
		DA146C421CEEF38200C626FB /* Build configuration list for PBXNativeTarget "Jiggie" */ = {
			isa = XCConfigurationList;
			buildConfigurations = (
				DA146C431CEEF38200C626FB /* Debug */,
				DA146C441CEEF38200C626FB /* Release */,
			);
			defaultConfigurationIsVisible = 0;
			defaultConfigurationName = Release;
		};
		DA146C451CEEF38200C626FB /* Build configuration list for PBXNativeTarget "JiggieTests" */ = {
			isa = XCConfigurationList;
			buildConfigurations = (
				DA146C461CEEF38200C626FB /* Debug */,
				DA146C471CEEF38200C626FB /* Release */,
			);
			defaultConfigurationIsVisible = 0;
			defaultConfigurationName = Release;
		};
		DA146C481CEEF38200C626FB /* Build configuration list for PBXNativeTarget "JiggieUITests" */ = {
			isa = XCConfigurationList;
			buildConfigurations = (
				DA146C491CEEF38200C626FB /* Debug */,
				DA146C4A1CEEF38200C626FB /* Release */,
			);
			defaultConfigurationIsVisible = 0;
			defaultConfigurationName = Release;
		};
/* End XCConfigurationList section */
	};
	rootObject = DA146C101CEEF38100C626FB /* Project object */;
}
